// !$*UTF8*$!
{
	archiveVersion = 1;
	classes = {
	};
	objectVersion = 56;
	objects = {

/* Begin PBXBuildFile section */
		392EEA7A2C84F9CF00B67D01 /* BorderedStackView.swift in Sources */ = {isa = PBXBuildFile; fileRef = 392EEA792C84F9CF00B67D01 /* BorderedStackView.swift */; };
		392EEA7C2C85032A00B67D01 /* TableViewHeader.swift in Sources */ = {isa = PBXBuildFile; fileRef = 392EEA7B2C85032A00B67D01 /* TableViewHeader.swift */; };
		396895682C7F7E53009DB1EA /* AppDelegate.swift in Sources */ = {isa = PBXBuildFile; fileRef = 396895672C7F7E53009DB1EA /* AppDelegate.swift */; };
		3968956A2C7F7E53009DB1EA /* SceneDelegate.swift in Sources */ = {isa = PBXBuildFile; fileRef = 396895692C7F7E53009DB1EA /* SceneDelegate.swift */; };
		3968956C2C7F7E53009DB1EA /* ViewController.swift in Sources */ = {isa = PBXBuildFile; fileRef = 3968956B2C7F7E53009DB1EA /* ViewController.swift */; };
		396895712C7F7E54009DB1EA /* Assets.xcassets in Resources */ = {isa = PBXBuildFile; fileRef = 396895702C7F7E54009DB1EA /* Assets.xcassets */; };
		396895742C7F7E54009DB1EA /* Base in Resources */ = {isa = PBXBuildFile; fileRef = 396895732C7F7E54009DB1EA /* Base */; };
		399557242C830AF900726328 /* Station.swift in Sources */ = {isa = PBXBuildFile; fileRef = 399557232C830AF900726328 /* Station.swift */; };
		399557272C83354F00726328 /* StationTVC.swift in Sources */ = {isa = PBXBuildFile; fileRef = 399557262C83354F00726328 /* StationTVC.swift */; };
		39C839DB2C86232700385547 /* StationModalVC.swift in Sources */ = {isa = PBXBuildFile; fileRef = 39C839DA2C86232700385547 /* StationModalVC.swift */; };
		39C839DD2C862ADF00385547 /* SectionHeaderView.swift in Sources */ = {isa = PBXBuildFile; fileRef = 39C839DC2C862ADF00385547 /* SectionHeaderView.swift */; };
/* End PBXBuildFile section */

/* Begin PBXFileReference section */
		392EEA792C84F9CF00B67D01 /* BorderedStackView.swift */ = {isa = PBXFileReference; lastKnownFileType = sourcecode.swift; path = BorderedStackView.swift; sourceTree = "<group>"; };
		392EEA7B2C85032A00B67D01 /* TableViewHeader.swift */ = {isa = PBXFileReference; lastKnownFileType = sourcecode.swift; path = TableViewHeader.swift; sourceTree = "<group>"; };
		396895642C7F7E53009DB1EA /* beesi-assignment.app */ = {isa = PBXFileReference; explicitFileType = wrapper.application; includeInIndex = 0; path = "beesi-assignment.app"; sourceTree = BUILT_PRODUCTS_DIR; };
		396895672C7F7E53009DB1EA /* AppDelegate.swift */ = {isa = PBXFileReference; lastKnownFileType = sourcecode.swift; path = AppDelegate.swift; sourceTree = "<group>"; };
		396895692C7F7E53009DB1EA /* SceneDelegate.swift */ = {isa = PBXFileReference; lastKnownFileType = sourcecode.swift; path = SceneDelegate.swift; sourceTree = "<group>"; };
		3968956B2C7F7E53009DB1EA /* ViewController.swift */ = {isa = PBXFileReference; lastKnownFileType = sourcecode.swift; path = ViewController.swift; sourceTree = "<group>"; };
		396895702C7F7E54009DB1EA /* Assets.xcassets */ = {isa = PBXFileReference; lastKnownFileType = folder.assetcatalog; path = Assets.xcassets; sourceTree = "<group>"; };
		396895732C7F7E54009DB1EA /* Base */ = {isa = PBXFileReference; lastKnownFileType = file.storyboard; name = Base; path = Base.lproj/LaunchScreen.storyboard; sourceTree = "<group>"; };
		396895752C7F7E54009DB1EA /* Info.plist */ = {isa = PBXFileReference; lastKnownFileType = text.plist.xml; path = Info.plist; sourceTree = "<group>"; };
		399557232C830AF900726328 /* Station.swift */ = {isa = PBXFileReference; lastKnownFileType = sourcecode.swift; path = Station.swift; sourceTree = "<group>"; };
		399557262C83354F00726328 /* StationTVC.swift */ = {isa = PBXFileReference; lastKnownFileType = sourcecode.swift; path = StationTVC.swift; sourceTree = "<group>"; };
		39C839DA2C86232700385547 /* StationModalVC.swift */ = {isa = PBXFileReference; lastKnownFileType = sourcecode.swift; path = StationModalVC.swift; sourceTree = "<group>"; };
		39C839DC2C862ADF00385547 /* SectionHeaderView.swift */ = {isa = PBXFileReference; lastKnownFileType = sourcecode.swift; path = SectionHeaderView.swift; sourceTree = "<group>"; };
/* End PBXFileReference section */

/* Begin PBXFrameworksBuildPhase section */
		396895612C7F7E53009DB1EA /* Frameworks */ = {
			isa = PBXFrameworksBuildPhase;
			buildActionMask = 2147483647;
			files = (
			);
			runOnlyForDeploymentPostprocessing = 0;
		};
/* End PBXFrameworksBuildPhase section */

/* Begin PBXGroup section */
		392EEA782C84F9AE00B67D01 /* Custom */ = {
			isa = PBXGroup;
			children = (
				392EEA792C84F9CF00B67D01 /* BorderedStackView.swift */,
				392EEA7B2C85032A00B67D01 /* TableViewHeader.swift */,
				39C839DC2C862ADF00385547 /* SectionHeaderView.swift */,
			);
			path = Custom;
			sourceTree = "<group>";
		};
		3968955B2C7F7E53009DB1EA = {
			isa = PBXGroup;
			children = (
				396895662C7F7E53009DB1EA /* beesi-assignment */,
				396895652C7F7E53009DB1EA /* Products */,
			);
			sourceTree = "<group>";
		};
		396895652C7F7E53009DB1EA /* Products */ = {
			isa = PBXGroup;
			children = (
				396895642C7F7E53009DB1EA /* beesi-assignment.app */,
			);
			name = Products;
			sourceTree = "<group>";
		};
		396895662C7F7E53009DB1EA /* beesi-assignment */ = {
			isa = PBXGroup;
			children = (
				392EEA782C84F9AE00B67D01 /* Custom */,
				399557252C83353400726328 /* TVC */,
				399557222C830ADF00726328 /* VCs */,
				399557212C830AD800726328 /* Supporting */,
				399557202C830AD200726328 /* Models */,
				396895752C7F7E54009DB1EA /* Info.plist */,
			);
			path = "beesi-assignment";
			sourceTree = "<group>";
		};
		399557202C830AD200726328 /* Models */ = {
			isa = PBXGroup;
			children = (
				399557232C830AF900726328 /* Station.swift */,
			);
			path = Models;
			sourceTree = "<group>";
		};
		399557212C830AD800726328 /* Supporting */ = {
			isa = PBXGroup;
			children = (
				396895672C7F7E53009DB1EA /* AppDelegate.swift */,
				396895692C7F7E53009DB1EA /* SceneDelegate.swift */,
				396895702C7F7E54009DB1EA /* Assets.xcassets */,
				396895722C7F7E54009DB1EA /* LaunchScreen.storyboard */,
			);
			path = Supporting;
			sourceTree = "<group>";
		};
		399557222C830ADF00726328 /* VCs */ = {
			isa = PBXGroup;
			children = (
				3968956B2C7F7E53009DB1EA /* ViewController.swift */,
				39C839DA2C86232700385547 /* StationModalVC.swift */,
			);
			path = VCs;
			sourceTree = "<group>";
		};
		399557252C83353400726328 /* TVC */ = {
			isa = PBXGroup;
			children = (
				399557262C83354F00726328 /* StationTVC.swift */,
			);
			path = TVC;
			sourceTree = "<group>";
		};
/* End PBXGroup section */

/* Begin PBXNativeTarget section */
		396895632C7F7E53009DB1EA /* beesi-assignment */ = {
			isa = PBXNativeTarget;
			buildConfigurationList = 396895782C7F7E54009DB1EA /* Build configuration list for PBXNativeTarget "beesi-assignment" */;
			buildPhases = (
				396895602C7F7E53009DB1EA /* Sources */,
				396895612C7F7E53009DB1EA /* Frameworks */,
				396895622C7F7E53009DB1EA /* Resources */,
			);
			buildRules = (
			);
			dependencies = (
			);
			name = "beesi-assignment";
			productName = "beesi-assignment";
			productReference = 396895642C7F7E53009DB1EA /* beesi-assignment.app */;
			productType = "com.apple.product-type.application";
		};
/* End PBXNativeTarget section */

/* Begin PBXProject section */
		3968955C2C7F7E53009DB1EA /* Project object */ = {
			isa = PBXProject;
			attributes = {
				BuildIndependentTargetsInParallel = 1;
				LastSwiftUpdateCheck = 1530;
				LastUpgradeCheck = 1530;
				TargetAttributes = {
					396895632C7F7E53009DB1EA = {
						CreatedOnToolsVersion = 15.3;
					};
				};
			};
			buildConfigurationList = 3968955F2C7F7E53009DB1EA /* Build configuration list for PBXProject "beesi-assignment" */;
			compatibilityVersion = "Xcode 14.0";
			developmentRegion = en;
			hasScannedForEncodings = 0;
			knownRegions = (
				en,
				Base,
			);
			mainGroup = 3968955B2C7F7E53009DB1EA;
			productRefGroup = 396895652C7F7E53009DB1EA /* Products */;
			projectDirPath = "";
			projectRoot = "";
			targets = (
				396895632C7F7E53009DB1EA /* beesi-assignment */,
			);
		};
/* End PBXProject section */

/* Begin PBXResourcesBuildPhase section */
		396895622C7F7E53009DB1EA /* Resources */ = {
			isa = PBXResourcesBuildPhase;
			buildActionMask = 2147483647;
			files = (
				396895712C7F7E54009DB1EA /* Assets.xcassets in Resources */,
				396895742C7F7E54009DB1EA /* Base in Resources */,
			);
			runOnlyForDeploymentPostprocessing = 0;
		};
/* End PBXResourcesBuildPhase section */

/* Begin PBXSourcesBuildPhase section */
		396895602C7F7E53009DB1EA /* Sources */ = {
			isa = PBXSourcesBuildPhase;
			buildActionMask = 2147483647;
			files = (
				3968956C2C7F7E53009DB1EA /* ViewController.swift in Sources */,
				396895682C7F7E53009DB1EA /* AppDelegate.swift in Sources */,
				399557272C83354F00726328 /* StationTVC.swift in Sources */,
				399557242C830AF900726328 /* Station.swift in Sources */,
				39C839DD2C862ADF00385547 /* SectionHeaderView.swift in Sources */,
				392EEA7A2C84F9CF00B67D01 /* BorderedStackView.swift in Sources */,
				3968956A2C7F7E53009DB1EA /* SceneDelegate.swift in Sources */,
				392EEA7C2C85032A00B67D01 /* TableViewHeader.swift in Sources */,
				39C839DB2C86232700385547 /* StationModalVC.swift in Sources */,
			);
			runOnlyForDeploymentPostprocessing = 0;
		};
/* End PBXSourcesBuildPhase section */

/* Begin PBXVariantGroup section */
		396895722C7F7E54009DB1EA /* LaunchScreen.storyboard */ = {
			isa = PBXVariantGroup;
			children = (
				396895732C7F7E54009DB1EA /* Base */,
			);
			name = LaunchScreen.storyboard;
			sourceTree = "<group>";
		};
/* End PBXVariantGroup section */

/* Begin XCBuildConfiguration section */
		396895762C7F7E54009DB1EA /* Debug */ = {
			isa = XCBuildConfiguration;
			buildSettings = {
				ALWAYS_SEARCH_USER_PATHS = NO;
				ASSETCATALOG_COMPILER_GENERATE_SWIFT_ASSET_SYMBOL_EXTENSIONS = YES;
				CLANG_ANALYZER_NONNULL = YES;
				CLANG_ANALYZER_NUMBER_OBJECT_CONVERSION = YES_AGGRESSIVE;
				CLANG_CXX_LANGUAGE_STANDARD = "gnu++20";
				CLANG_ENABLE_MODULES = YES;
				CLANG_ENABLE_OBJC_ARC = YES;
				CLANG_ENABLE_OBJC_WEAK = YES;
				CLANG_WARN_BLOCK_CAPTURE_AUTORELEASING = YES;
				CLANG_WARN_BOOL_CONVERSION = YES;
				CLANG_WARN_COMMA = YES;
				CLANG_WARN_CONSTANT_CONVERSION = YES;
				CLANG_WARN_DEPRECATED_OBJC_IMPLEMENTATIONS = YES;
				CLANG_WARN_DIRECT_OBJC_ISA_USAGE = YES_ERROR;
				CLANG_WARN_DOCUMENTATION_COMMENTS = YES;
				CLANG_WARN_EMPTY_BODY = YES;
				CLANG_WARN_ENUM_CONVERSION = YES;
				CLANG_WARN_INFINITE_RECURSION = YES;
				CLANG_WARN_INT_CONVERSION = YES;
				CLANG_WARN_NON_LITERAL_NULL_CONVERSION = YES;
				CLANG_WARN_OBJC_IMPLICIT_RETAIN_SELF = YES;
				CLANG_WARN_OBJC_LITERAL_CONVERSION = YES;
				CLANG_WARN_OBJC_ROOT_CLASS = YES_ERROR;
				CLANG_WARN_QUOTED_INCLUDE_IN_FRAMEWORK_HEADER = YES;
				CLANG_WARN_RANGE_LOOP_ANALYSIS = YES;
				CLANG_WARN_STRICT_PROTOTYPES = YES;
				CLANG_WARN_SUSPICIOUS_MOVE = YES;
				CLANG_WARN_UNGUARDED_AVAILABILITY = YES_AGGRESSIVE;
				CLANG_WARN_UNREACHABLE_CODE = YES;
				CLANG_WARN__DUPLICATE_METHOD_MATCH = YES;
				COPY_PHASE_STRIP = NO;
				DEBUG_INFORMATION_FORMAT = dwarf;
				ENABLE_STRICT_OBJC_MSGSEND = YES;
				ENABLE_TESTABILITY = YES;
				ENABLE_USER_SCRIPT_SANDBOXING = YES;
				GCC_C_LANGUAGE_STANDARD = gnu17;
				GCC_DYNAMIC_NO_PIC = NO;
				GCC_NO_COMMON_BLOCKS = YES;
				GCC_OPTIMIZATION_LEVEL = 0;
				GCC_PREPROCESSOR_DEFINITIONS = (
					"DEBUG=1",
					"$(inherited)",
				);
				GCC_WARN_64_TO_32_BIT_CONVERSION = YES;
				GCC_WARN_ABOUT_RETURN_TYPE = YES_ERROR;
				GCC_WARN_UNDECLARED_SELECTOR = YES;
				GCC_WARN_UNINITIALIZED_AUTOS = YES_AGGRESSIVE;
				GCC_WARN_UNUSED_FUNCTION = YES;
				GCC_WARN_UNUSED_VARIABLE = YES;
				IPHONEOS_DEPLOYMENT_TARGET = 17.4;
				LOCALIZATION_PREFERS_STRING_CATALOGS = YES;
				MTL_ENABLE_DEBUG_INFO = INCLUDE_SOURCE;
				MTL_FAST_MATH = YES;
				ONLY_ACTIVE_ARCH = YES;
				SDKROOT = iphoneos;
				SWIFT_ACTIVE_COMPILATION_CONDITIONS = "DEBUG $(inherited)";
				SWIFT_OPTIMIZATION_LEVEL = "-Onone";
			};
			name = Debug;
		};
		396895772C7F7E54009DB1EA /* Release */ = {
			isa = XCBuildConfiguration;
			buildSettings = {
				ALWAYS_SEARCH_USER_PATHS = NO;
				ASSETCATALOG_COMPILER_GENERATE_SWIFT_ASSET_SYMBOL_EXTENSIONS = YES;
				CLANG_ANALYZER_NONNULL = YES;
				CLANG_ANALYZER_NUMBER_OBJECT_CONVERSION = YES_AGGRESSIVE;
				CLANG_CXX_LANGUAGE_STANDARD = "gnu++20";
				CLANG_ENABLE_MODULES = YES;
				CLANG_ENABLE_OBJC_ARC = YES;
				CLANG_ENABLE_OBJC_WEAK = YES;
				CLANG_WARN_BLOCK_CAPTURE_AUTORELEASING = YES;
				CLANG_WARN_BOOL_CONVERSION = YES;
				CLANG_WARN_COMMA = YES;
				CLANG_WARN_CONSTANT_CONVERSION = YES;
				CLANG_WARN_DEPRECATED_OBJC_IMPLEMENTATIONS = YES;
				CLANG_WARN_DIRECT_OBJC_ISA_USAGE = YES_ERROR;
				CLANG_WARN_DOCUMENTATION_COMMENTS = YES;
				CLANG_WARN_EMPTY_BODY = YES;
				CLANG_WARN_ENUM_CONVERSION = YES;
				CLANG_WARN_INFINITE_RECURSION = YES;
				CLANG_WARN_INT_CONVERSION = YES;
				CLANG_WARN_NON_LITERAL_NULL_CONVERSION = YES;
				CLANG_WARN_OBJC_IMPLICIT_RETAIN_SELF = YES;
				CLANG_WARN_OBJC_LITERAL_CONVERSION = YES;
				CLANG_WARN_OBJC_ROOT_CLASS = YES_ERROR;
				CLANG_WARN_QUOTED_INCLUDE_IN_FRAMEWORK_HEADER = YES;
				CLANG_WARN_RANGE_LOOP_ANALYSIS = YES;
				CLANG_WARN_STRICT_PROTOTYPES = YES;
				CLANG_WARN_SUSPICIOUS_MOVE = YES;
				CLANG_WARN_UNGUARDED_AVAILABILITY = YES_AGGRESSIVE;
				CLANG_WARN_UNREACHABLE_CODE = YES;
				CLANG_WARN__DUPLICATE_METHOD_MATCH = YES;
				COPY_PHASE_STRIP = NO;
				DEBUG_INFORMATION_FORMAT = "dwarf-with-dsym";
				ENABLE_NS_ASSERTIONS = NO;
				ENABLE_STRICT_OBJC_MSGSEND = YES;
				ENABLE_USER_SCRIPT_SANDBOXING = YES;
				GCC_C_LANGUAGE_STANDARD = gnu17;
				GCC_NO_COMMON_BLOCKS = YES;
				GCC_WARN_64_TO_32_BIT_CONVERSION = YES;
				GCC_WARN_ABOUT_RETURN_TYPE = YES_ERROR;
				GCC_WARN_UNDECLARED_SELECTOR = YES;
				GCC_WARN_UNINITIALIZED_AUTOS = YES_AGGRESSIVE;
				GCC_WARN_UNUSED_FUNCTION = YES;
				GCC_WARN_UNUSED_VARIABLE = YES;
				IPHONEOS_DEPLOYMENT_TARGET = 17.4;
				LOCALIZATION_PREFERS_STRING_CATALOGS = YES;
				MTL_ENABLE_DEBUG_INFO = NO;
				MTL_FAST_MATH = YES;
				SDKROOT = iphoneos;
				SWIFT_COMPILATION_MODE = wholemodule;
				VALIDATE_PRODUCT = YES;
			};
			name = Release;
		};
		396895792C7F7E54009DB1EA /* Debug */ = {
			isa = XCBuildConfiguration;
			buildSettings = {
				ASSETCATALOG_COMPILER_APPICON_NAME = AppIcon;
				ASSETCATALOG_COMPILER_GLOBAL_ACCENT_COLOR_NAME = AccentColor;
				CODE_SIGN_STYLE = Automatic;
				CURRENT_PROJECT_VERSION = 1;
				GENERATE_INFOPLIST_FILE = YES;
				INFOPLIST_FILE = "beesi-assignment/Info.plist";
				INFOPLIST_KEY_UIApplicationSupportsIndirectInputEvents = YES;
				INFOPLIST_KEY_UILaunchStoryboardName = LaunchScreen.storyboard;
				INFOPLIST_KEY_UISupportedInterfaceOrientations_iPad = "UIInterfaceOrientationPortrait UIInterfaceOrientationPortraitUpsideDown UIInterfaceOrientationLandscapeLeft UIInterfaceOrientationLandscapeRight";
				INFOPLIST_KEY_UISupportedInterfaceOrientations_iPhone = "UIInterfaceOrientationPortrait UIInterfaceOrientationLandscapeLeft UIInterfaceOrientationLandscapeRight";
				LD_RUNPATH_SEARCH_PATHS = (
					"$(inherited)",
					"@executable_path/Frameworks",
				);
				MARKETING_VERSION = 1.0;
				PRODUCT_BUNDLE_IDENTIFIER = "com.thisismanan.beesi-assignment";
				PRODUCT_NAME = "$(TARGET_NAME)";
				SWIFT_EMIT_LOC_STRINGS = YES;
				SWIFT_VERSION = 5.0;
				TARGETED_DEVICE_FAMILY = "1,2";
			};
			name = Debug;
		};
		3968957A2C7F7E54009DB1EA /* Release */ = {
			isa = XCBuildConfiguration;
			buildSettings = {
				ASSETCATALOG_COMPILER_APPICON_NAME = AppIcon;
				ASSETCATALOG_COMPILER_GLOBAL_ACCENT_COLOR_NAME = AccentColor;
				CODE_SIGN_STYLE = Automatic;
				CURRENT_PROJECT_VERSION = 1;
				GENERATE_INFOPLIST_FILE = YES;
				INFOPLIST_FILE = "beesi-assignment/Info.plist";
				INFOPLIST_KEY_UIApplicationSupportsIndirectInputEvents = YES;
				INFOPLIST_KEY_UILaunchStoryboardName = LaunchScreen.storyboard;
				INFOPLIST_KEY_UISupportedInterfaceOrientations_iPad = "UIInterfaceOrientationPortrait UIInterfaceOrientationPortraitUpsideDown UIInterfaceOrientationLandscapeLeft UIInterfaceOrientationLandscapeRight";
				INFOPLIST_KEY_UISupportedInterfaceOrientations_iPhone = "UIInterfaceOrientationPortrait UIInterfaceOrientationLandscapeLeft UIInterfaceOrientationLandscapeRight";
				LD_RUNPATH_SEARCH_PATHS = (
					"$(inherited)",
					"@executable_path/Frameworks",
				);
				MARKETING_VERSION = 1.0;
				PRODUCT_BUNDLE_IDENTIFIER = "com.thisismanan.beesi-assignment";
				PRODUCT_NAME = "$(TARGET_NAME)";
				SWIFT_EMIT_LOC_STRINGS = YES;
				SWIFT_VERSION = 5.0;
				TARGETED_DEVICE_FAMILY = "1,2";
			};
			name = Release;
		};
/* End XCBuildConfiguration section */

/* Begin XCConfigurationList section */
		3968955F2C7F7E53009DB1EA /* Build configuration list for PBXProject "beesi-assignment" */ = {
			isa = XCConfigurationList;
			buildConfigurations = (
				396895762C7F7E54009DB1EA /* Debug */,
				396895772C7F7E54009DB1EA /* Release */,
			);
			defaultConfigurationIsVisible = 0;
			defaultConfigurationName = Release;
		};
		396895782C7F7E54009DB1EA /* Build configuration list for PBXNativeTarget "beesi-assignment" */ = {
			isa = XCConfigurationList;
			buildConfigurations = (
				396895792C7F7E54009DB1EA /* Debug */,
				3968957A2C7F7E54009DB1EA /* Release */,
			);
			defaultConfigurationIsVisible = 0;
			defaultConfigurationName = Release;
		};
/* End XCConfigurationList section */
	};
	rootObject = 3968955C2C7F7E53009DB1EA /* Project object */;
}
